
Microsoft Visual Studio Solution File, Format Version 12.00
# Visual Studio 14
VisualStudioVersion = 14.0.25420.1
MinimumVisualStudioVersion = 10.0.40219.1
Project("{FAE04EC0-301F-11D3-BF4B-00C04F79EFBC}") = "MobileApp", "MobileApp\MobileApp\MobileApp.csproj", "{A5697F6D-C7AF-4A31-8C55-31760EBEB7DF}"
EndProject
Project("{FAE04EC0-301F-11D3-BF4B-00C04F79EFBC}") = "MobileApp.Droid", "MobileApp\MobileApp.Droid\MobileApp.Droid.csproj", "{8492EB52-B78C-4174-95B7-5A061843FF06}"
EndProject
Project("{FAE04EC0-301F-11D3-BF4B-00C04F79EFBC}") = "MobileApp.iOS", "MobileApp\MobileApp.iOS\MobileApp.iOS.csproj", "{BE6DCA92-8008-485B-9917-4B5B55B521A3}"
EndProject
Project("{FAE04EC0-301F-11D3-BF4B-00C04F79EFBC}") = "MobileApp.UWP", "MobileApp\MobileApp.UWP\MobileApp.UWP.csproj", "{F0E1A610-1DBD-47EA-AA71-6A136EAAB15C}"
EndProject
Global
	GlobalSection(SolutionConfigurationPlatforms) = preSolution
		Ad-Hoc|Any CPU = Ad-Hoc|Any CPU
		Ad-Hoc|ARM = Ad-Hoc|ARM
		Ad-Hoc|iPhone = Ad-Hoc|iPhone
		Ad-Hoc|iPhoneSimulator = Ad-Hoc|iPhoneSimulator
		Ad-Hoc|x64 = Ad-Hoc|x64
		Ad-Hoc|x86 = Ad-Hoc|x86
		AppStore|Any CPU = AppStore|Any CPU
		AppStore|ARM = AppStore|ARM
		AppStore|iPhone = AppStore|iPhone
		AppStore|iPhoneSimulator = AppStore|iPhoneSimulator
		AppStore|x64 = AppStore|x64
		AppStore|x86 = AppStore|x86
		Debug|Any CPU = Debug|Any CPU
		Debug|ARM = Debug|ARM
		Debug|iPhone = Debug|iPhone
		Debug|iPhoneSimulator = Debug|iPhoneSimulator
		Debug|x64 = Debug|x64
		Debug|x86 = Debug|x86
		Release|Any CPU = Release|Any CPU
		Release|ARM = Release|ARM
		Release|iPhone = Release|iPhone
		Release|iPhoneSimulator = Release|iPhoneSimulator
		Release|x64 = Release|x64
		Release|x86 = Release|x86
	EndGlobalSection
	GlobalSection(ProjectConfigurationPlatforms) = postSolution
		{A5697F6D-C7AF-4A31-8C55-31760EBEB7DF}.Ad-Hoc|Any CPU.ActiveCfg = Release|Any CPU
		{A5697F6D-C7AF-4A31-8C55-31760EBEB7DF}.Ad-Hoc|Any CPU.Build.0 = Release|Any CPU
		{A5697F6D-C7AF-4A31-8C55-31760EBEB7DF}.Ad-Hoc|ARM.ActiveCfg = Release|Any CPU
		{A5697F6D-C7AF-4A31-8C55-31760EBEB7DF}.Ad-Hoc|ARM.Build.0 = Release|Any CPU
		{A5697F6D-C7AF-4A31-8C55-31760EBEB7DF}.Ad-Hoc|iPhone.ActiveCfg = Release|Any CPU
		{A5697F6D-C7AF-4A31-8C55-31760EBEB7DF}.Ad-Hoc|iPhone.Build.0 = Release|Any CPU
		{A5697F6D-C7AF-4A31-8C55-31760EBEB7DF}.Ad-Hoc|iPhoneSimulator.ActiveCfg = Release|Any CPU
		{A5697F6D-C7AF-4A31-8C55-31760EBEB7DF}.Ad-Hoc|iPhoneSimulator.Build.0 = Release|Any CPU
		{A5697F6D-C7AF-4A31-8C55-31760EBEB7DF}.Ad-Hoc|x64.ActiveCfg = Release|Any CPU
		{A5697F6D-C7AF-4A31-8C55-31760EBEB7DF}.Ad-Hoc|x64.Build.0 = Release|Any CPU
		{A5697F6D-C7AF-4A31-8C55-31760EBEB7DF}.Ad-Hoc|x86.ActiveCfg = Release|Any CPU
		{A5697F6D-C7AF-4A31-8C55-31760EBEB7DF}.Ad-Hoc|x86.Build.0 = Release|Any CPU
		{A5697F6D-C7AF-4A31-8C55-31760EBEB7DF}.AppStore|Any CPU.ActiveCfg = Release|Any CPU
		{A5697F6D-C7AF-4A31-8C55-31760EBEB7DF}.AppStore|Any CPU.Build.0 = Release|Any CPU
		{A5697F6D-C7AF-4A31-8C55-31760EBEB7DF}.AppStore|ARM.ActiveCfg = Release|Any CPU
		{A5697F6D-C7AF-4A31-8C55-31760EBEB7DF}.AppStore|ARM.Build.0 = Release|Any CPU
		{A5697F6D-C7AF-4A31-8C55-31760EBEB7DF}.AppStore|iPhone.ActiveCfg = Release|Any CPU
		{A5697F6D-C7AF-4A31-8C55-31760EBEB7DF}.AppStore|iPhone.Build.0 = Release|Any CPU
		{A5697F6D-C7AF-4A31-8C55-31760EBEB7DF}.AppStore|iPhoneSimulator.ActiveCfg = Release|Any CPU
		{A5697F6D-C7AF-4A31-8C55-31760EBEB7DF}.AppStore|iPhoneSimulator.Build.0 = Release|Any CPU
		{A5697F6D-C7AF-4A31-8C55-31760EBEB7DF}.AppStore|x64.ActiveCfg = Release|Any CPU
		{A5697F6D-C7AF-4A31-8C55-31760EBEB7DF}.AppStore|x64.Build.0 = Release|Any CPU
		{A5697F6D-C7AF-4A31-8C55-31760EBEB7DF}.AppStore|x86.ActiveCfg = Release|Any CPU
		{A5697F6D-C7AF-4A31-8C55-31760EBEB7DF}.AppStore|x86.Build.0 = Release|Any CPU
		{A5697F6D-C7AF-4A31-8C55-31760EBEB7DF}.Debug|Any CPU.ActiveCfg = Debug|Any CPU
		{A5697F6D-C7AF-4A31-8C55-31760EBEB7DF}.Debug|Any CPU.Build.0 = Debug|Any CPU
		{A5697F6D-C7AF-4A31-8C55-31760EBEB7DF}.Debug|ARM.ActiveCfg = Debug|Any CPU
		{A5697F6D-C7AF-4A31-8C55-31760EBEB7DF}.Debug|ARM.Build.0 = Debug|Any CPU
		{A5697F6D-C7AF-4A31-8C55-31760EBEB7DF}.Debug|iPhone.ActiveCfg = Debug|Any CPU
		{A5697F6D-C7AF-4A31-8C55-31760EBEB7DF}.Debug|iPhone.Build.0 = Debug|Any CPU
		{A5697F6D-C7AF-4A31-8C55-31760EBEB7DF}.Debug|iPhoneSimulator.ActiveCfg = Debug|Any CPU
		{A5697F6D-C7AF-4A31-8C55-31760EBEB7DF}.Debug|iPhoneSimulator.Build.0 = Debug|Any CPU
		{A5697F6D-C7AF-4A31-8C55-31760EBEB7DF}.Debug|x64.ActiveCfg = Debug|Any CPU
		{A5697F6D-C7AF-4A31-8C55-31760EBEB7DF}.Debug|x64.Build.0 = Debug|Any CPU
		{A5697F6D-C7AF-4A31-8C55-31760EBEB7DF}.Debug|x86.ActiveCfg = Debug|Any CPU
		{A5697F6D-C7AF-4A31-8C55-31760EBEB7DF}.Debug|x86.Build.0 = Debug|Any CPU
		{A5697F6D-C7AF-4A31-8C55-31760EBEB7DF}.Release|Any CPU.ActiveCfg = Release|Any CPU
		{A5697F6D-C7AF-4A31-8C55-31760EBEB7DF}.Release|Any CPU.Build.0 = Release|Any CPU
		{A5697F6D-C7AF-4A31-8C55-31760EBEB7DF}.Release|ARM.ActiveCfg = Release|Any CPU
		{A5697F6D-C7AF-4A31-8C55-31760EBEB7DF}.Release|ARM.Build.0 = Release|Any CPU
		{A5697F6D-C7AF-4A31-8C55-31760EBEB7DF}.Release|iPhone.ActiveCfg = Release|Any CPU
		{A5697F6D-C7AF-4A31-8C55-31760EBEB7DF}.Release|iPhone.Build.0 = Release|Any CPU
		{A5697F6D-C7AF-4A31-8C55-31760EBEB7DF}.Release|iPhoneSimulator.ActiveCfg = Release|Any CPU
		{A5697F6D-C7AF-4A31-8C55-31760EBEB7DF}.Release|iPhoneSimulator.Build.0 = Release|Any CPU
		{A5697F6D-C7AF-4A31-8C55-31760EBEB7DF}.Release|x64.ActiveCfg = Release|Any CPU
		{A5697F6D-C7AF-4A31-8C55-31760EBEB7DF}.Release|x64.Build.0 = Release|Any CPU
		{A5697F6D-C7AF-4A31-8C55-31760EBEB7DF}.Release|x86.ActiveCfg = Release|Any CPU
		{A5697F6D-C7AF-4A31-8C55-31760EBEB7DF}.Release|x86.Build.0 = Release|Any CPU
		{8492EB52-B78C-4174-95B7-5A061843FF06}.Ad-Hoc|Any CPU.ActiveCfg = Release|Any CPU
		{8492EB52-B78C-4174-95B7-5A061843FF06}.Ad-Hoc|Any CPU.Build.0 = Release|Any CPU
		{8492EB52-B78C-4174-95B7-5A061843FF06}.Ad-Hoc|Any CPU.Deploy.0 = Release|Any CPU
		{8492EB52-B78C-4174-95B7-5A061843FF06}.Ad-Hoc|ARM.ActiveCfg = Release|Any CPU
		{8492EB52-B78C-4174-95B7-5A061843FF06}.Ad-Hoc|ARM.Build.0 = Release|Any CPU
		{8492EB52-B78C-4174-95B7-5A061843FF06}.Ad-Hoc|ARM.Deploy.0 = Release|Any CPU
		{8492EB52-B78C-4174-95B7-5A061843FF06}.Ad-Hoc|iPhone.ActiveCfg = Release|Any CPU
		{8492EB52-B78C-4174-95B7-5A061843FF06}.Ad-Hoc|iPhone.Build.0 = Release|Any CPU
		{8492EB52-B78C-4174-95B7-5A061843FF06}.Ad-Hoc|iPhone.Deploy.0 = Release|Any CPU
		{8492EB52-B78C-4174-95B7-5A061843FF06}.Ad-Hoc|iPhoneSimulator.ActiveCfg = Release|Any CPU
		{8492EB52-B78C-4174-95B7-5A061843FF06}.Ad-Hoc|iPhoneSimulator.Build.0 = Release|Any CPU
		{8492EB52-B78C-4174-95B7-5A061843FF06}.Ad-Hoc|iPhoneSimulator.Deploy.0 = Release|Any CPU
		{8492EB52-B78C-4174-95B7-5A061843FF06}.Ad-Hoc|x64.ActiveCfg = Release|Any CPU
		{8492EB52-B78C-4174-95B7-5A061843FF06}.Ad-Hoc|x64.Build.0 = Release|Any CPU
		{8492EB52-B78C-4174-95B7-5A061843FF06}.Ad-Hoc|x64.Deploy.0 = Release|Any CPU
		{8492EB52-B78C-4174-95B7-5A061843FF06}.Ad-Hoc|x86.ActiveCfg = Release|Any CPU
		{8492EB52-B78C-4174-95B7-5A061843FF06}.Ad-Hoc|x86.Build.0 = Release|Any CPU
		{8492EB52-B78C-4174-95B7-5A061843FF06}.Ad-Hoc|x86.Deploy.0 = Release|Any CPU
		{8492EB52-B78C-4174-95B7-5A061843FF06}.AppStore|Any CPU.ActiveCfg = Release|Any CPU
		{8492EB52-B78C-4174-95B7-5A061843FF06}.AppStore|Any CPU.Build.0 = Release|Any CPU
		{8492EB52-B78C-4174-95B7-5A061843FF06}.AppStore|Any CPU.Deploy.0 = Release|Any CPU
		{8492EB52-B78C-4174-95B7-5A061843FF06}.AppStore|ARM.ActiveCfg = Release|Any CPU
		{8492EB52-B78C-4174-95B7-5A061843FF06}.AppStore|ARM.Build.0 = Release|Any CPU
		{8492EB52-B78C-4174-95B7-5A061843FF06}.AppStore|ARM.Deploy.0 = Release|Any CPU
		{8492EB52-B78C-4174-95B7-5A061843FF06}.AppStore|iPhone.ActiveCfg = Release|Any CPU
		{8492EB52-B78C-4174-95B7-5A061843FF06}.AppStore|iPhone.Build.0 = Release|Any CPU
		{8492EB52-B78C-4174-95B7-5A061843FF06}.AppStore|iPhone.Deploy.0 = Release|Any CPU
		{8492EB52-B78C-4174-95B7-5A061843FF06}.AppStore|iPhoneSimulator.ActiveCfg = Release|Any CPU
		{8492EB52-B78C-4174-95B7-5A061843FF06}.AppStore|iPhoneSimulator.Build.0 = Release|Any CPU
		{8492EB52-B78C-4174-95B7-5A061843FF06}.AppStore|iPhoneSimulator.Deploy.0 = Release|Any CPU
		{8492EB52-B78C-4174-95B7-5A061843FF06}.AppStore|x64.ActiveCfg = Release|Any CPU
		{8492EB52-B78C-4174-95B7-5A061843FF06}.AppStore|x64.Build.0 = Release|Any CPU
		{8492EB52-B78C-4174-95B7-5A061843FF06}.AppStore|x64.Deploy.0 = Release|Any CPU
		{8492EB52-B78C-4174-95B7-5A061843FF06}.AppStore|x86.ActiveCfg = Release|Any CPU
		{8492EB52-B78C-4174-95B7-5A061843FF06}.AppStore|x86.Build.0 = Release|Any CPU
		{8492EB52-B78C-4174-95B7-5A061843FF06}.AppStore|x86.Deploy.0 = Release|Any CPU
		{8492EB52-B78C-4174-95B7-5A061843FF06}.Debug|Any CPU.ActiveCfg = Debug|Any CPU
		{8492EB52-B78C-4174-95B7-5A061843FF06}.Debug|Any CPU.Build.0 = Debug|Any CPU
		{8492EB52-B78C-4174-95B7-5A061843FF06}.Debug|Any CPU.Deploy.0 = Debug|Any CPU
		{8492EB52-B78C-4174-95B7-5A061843FF06}.Debug|ARM.ActiveCfg = Debug|Any CPU
		{8492EB52-B78C-4174-95B7-5A061843FF06}.Debug|ARM.Build.0 = Debug|Any CPU
		{8492EB52-B78C-4174-95B7-5A061843FF06}.Debug|ARM.Deploy.0 = Debug|Any CPU
		{8492EB52-B78C-4174-95B7-5A061843FF06}.Debug|iPhone.ActiveCfg = Debug|Any CPU
		{8492EB52-B78C-4174-95B7-5A061843FF06}.Debug|iPhone.Build.0 = Debug|Any CPU
		{8492EB52-B78C-4174-95B7-5A061843FF06}.Debug|iPhone.Deploy.0 = Debug|Any CPU
		{8492EB52-B78C-4174-95B7-5A061843FF06}.Debug|iPhoneSimulator.ActiveCfg = Debug|Any CPU
		{8492EB52-B78C-4174-95B7-5A061843FF06}.Debug|iPhoneSimulator.Build.0 = Debug|Any CPU
		{8492EB52-B78C-4174-95B7-5A061843FF06}.Debug|iPhoneSimulator.Deploy.0 = Debug|Any CPU
		{8492EB52-B78C-4174-95B7-5A061843FF06}.Debug|x64.ActiveCfg = Debug|Any CPU
		{8492EB52-B78C-4174-95B7-5A061843FF06}.Debug|x64.Build.0 = Debug|Any CPU
		{8492EB52-B78C-4174-95B7-5A061843FF06}.Debug|x64.Deploy.0 = Debug|Any CPU
		{8492EB52-B78C-4174-95B7-5A061843FF06}.Debug|x86.ActiveCfg = Debug|Any CPU
		{8492EB52-B78C-4174-95B7-5A061843FF06}.Debug|x86.Build.0 = Debug|Any CPU
		{8492EB52-B78C-4174-95B7-5A061843FF06}.Debug|x86.Deploy.0 = Debug|Any CPU
		{8492EB52-B78C-4174-95B7-5A061843FF06}.Release|Any CPU.ActiveCfg = Release|Any CPU
		{8492EB52-B78C-4174-95B7-5A061843FF06}.Release|Any CPU.Build.0 = Release|Any CPU
		{8492EB52-B78C-4174-95B7-5A061843FF06}.Release|Any CPU.Deploy.0 = Release|Any CPU
		{8492EB52-B78C-4174-95B7-5A061843FF06}.Release|ARM.ActiveCfg = Release|Any CPU
		{8492EB52-B78C-4174-95B7-5A061843FF06}.Release|ARM.Build.0 = Release|Any CPU
		{8492EB52-B78C-4174-95B7-5A061843FF06}.Release|ARM.Deploy.0 = Release|Any CPU
		{8492EB52-B78C-4174-95B7-5A061843FF06}.Release|iPhone.ActiveCfg = Release|Any CPU
		{8492EB52-B78C-4174-95B7-5A061843FF06}.Release|iPhone.Build.0 = Release|Any CPU
		{8492EB52-B78C-4174-95B7-5A061843FF06}.Release|iPhone.Deploy.0 = Release|Any CPU
		{8492EB52-B78C-4174-95B7-5A061843FF06}.Release|iPhoneSimulator.ActiveCfg = Release|Any CPU
		{8492EB52-B78C-4174-95B7-5A061843FF06}.Release|iPhoneSimulator.Build.0 = Release|Any CPU
		{8492EB52-B78C-4174-95B7-5A061843FF06}.Release|iPhoneSimulator.Deploy.0 = Release|Any CPU
		{8492EB52-B78C-4174-95B7-5A061843FF06}.Release|x64.ActiveCfg = Release|Any CPU
		{8492EB52-B78C-4174-95B7-5A061843FF06}.Release|x64.Build.0 = Release|Any CPU
		{8492EB52-B78C-4174-95B7-5A061843FF06}.Release|x64.Deploy.0 = Release|Any CPU
		{8492EB52-B78C-4174-95B7-5A061843FF06}.Release|x86.ActiveCfg = Release|Any CPU
		{8492EB52-B78C-4174-95B7-5A061843FF06}.Release|x86.Build.0 = Release|Any CPU
		{8492EB52-B78C-4174-95B7-5A061843FF06}.Release|x86.Deploy.0 = Release|Any CPU
		{BE6DCA92-8008-485B-9917-4B5B55B521A3}.Ad-Hoc|Any CPU.ActiveCfg = Ad-Hoc|iPhone
		{BE6DCA92-8008-485B-9917-4B5B55B521A3}.Ad-Hoc|ARM.ActiveCfg = Ad-Hoc|iPhone
		{BE6DCA92-8008-485B-9917-4B5B55B521A3}.Ad-Hoc|iPhone.ActiveCfg = Ad-Hoc|iPhone
		{BE6DCA92-8008-485B-9917-4B5B55B521A3}.Ad-Hoc|iPhone.Build.0 = Ad-Hoc|iPhone
		{BE6DCA92-8008-485B-9917-4B5B55B521A3}.Ad-Hoc|iPhoneSimulator.ActiveCfg = Ad-Hoc|iPhoneSimulator
		{BE6DCA92-8008-485B-9917-4B5B55B521A3}.Ad-Hoc|iPhoneSimulator.Build.0 = Ad-Hoc|iPhoneSimulator
		{BE6DCA92-8008-485B-9917-4B5B55B521A3}.Ad-Hoc|x64.ActiveCfg = Ad-Hoc|iPhone
		{BE6DCA92-8008-485B-9917-4B5B55B521A3}.Ad-Hoc|x86.ActiveCfg = Ad-Hoc|iPhone
		{BE6DCA92-8008-485B-9917-4B5B55B521A3}.AppStore|Any CPU.ActiveCfg = AppStore|iPhone
		{BE6DCA92-8008-485B-9917-4B5B55B521A3}.AppStore|ARM.ActiveCfg = AppStore|iPhone
		{BE6DCA92-8008-485B-9917-4B5B55B521A3}.AppStore|iPhone.ActiveCfg = AppStore|iPhone
		{BE6DCA92-8008-485B-9917-4B5B55B521A3}.AppStore|iPhone.Build.0 = AppStore|iPhone
		{BE6DCA92-8008-485B-9917-4B5B55B521A3}.AppStore|iPhoneSimulator.ActiveCfg = AppStore|iPhoneSimulator
		{BE6DCA92-8008-485B-9917-4B5B55B521A3}.AppStore|iPhoneSimulator.Build.0 = AppStore|iPhoneSimulator
		{BE6DCA92-8008-485B-9917-4B5B55B521A3}.AppStore|x64.ActiveCfg = AppStore|iPhone
		{BE6DCA92-8008-485B-9917-4B5B55B521A3}.AppStore|x86.ActiveCfg = AppStore|iPhone
		{BE6DCA92-8008-485B-9917-4B5B55B521A3}.Debug|Any CPU.ActiveCfg = Debug|iPhone
		{BE6DCA92-8008-485B-9917-4B5B55B521A3}.Debug|ARM.ActiveCfg = Debug|iPhone
		{BE6DCA92-8008-485B-9917-4B5B55B521A3}.Debug|iPhone.ActiveCfg = Debug|iPhone
		{BE6DCA92-8008-485B-9917-4B5B55B521A3}.Debug|iPhone.Build.0 = Debug|iPhone
		{BE6DCA92-8008-485B-9917-4B5B55B521A3}.Debug|iPhoneSimulator.ActiveCfg = Debug|iPhoneSimulator
		{BE6DCA92-8008-485B-9917-4B5B55B521A3}.Debug|iPhoneSimulator.Build.0 = Debug|iPhoneSimulator
		{BE6DCA92-8008-485B-9917-4B5B55B521A3}.Debug|x64.ActiveCfg = Debug|iPhone
		{BE6DCA92-8008-485B-9917-4B5B55B521A3}.Debug|x86.ActiveCfg = Debug|iPhone
		{BE6DCA92-8008-485B-9917-4B5B55B521A3}.Release|Any CPU.ActiveCfg = Release|iPhone
		{BE6DCA92-8008-485B-9917-4B5B55B521A3}.Release|ARM.ActiveCfg = Release|iPhone
		{BE6DCA92-8008-485B-9917-4B5B55B521A3}.Release|iPhone.ActiveCfg = Release|iPhone
		{BE6DCA92-8008-485B-9917-4B5B55B521A3}.Release|iPhone.Build.0 = Release|iPhone
		{BE6DCA92-8008-485B-9917-4B5B55B521A3}.Release|iPhoneSimulator.ActiveCfg = Release|iPhoneSimulator
		{BE6DCA92-8008-485B-9917-4B5B55B521A3}.Release|iPhoneSimulator.Build.0 = Release|iPhoneSimulator
		{BE6DCA92-8008-485B-9917-4B5B55B521A3}.Release|x64.ActiveCfg = Release|iPhone
		{BE6DCA92-8008-485B-9917-4B5B55B521A3}.Release|x86.ActiveCfg = Release|iPhone
		{F0E1A610-1DBD-47EA-AA71-6A136EAAB15C}.Ad-Hoc|Any CPU.ActiveCfg = Release|x86
		{F0E1A610-1DBD-47EA-AA71-6A136EAAB15C}.Ad-Hoc|Any CPU.Build.0 = Release|x86
		{F0E1A610-1DBD-47EA-AA71-6A136EAAB15C}.Ad-Hoc|Any CPU.Deploy.0 = Release|x86
		{F0E1A610-1DBD-47EA-AA71-6A136EAAB15C}.Ad-Hoc|ARM.ActiveCfg = Release|ARM
		{F0E1A610-1DBD-47EA-AA71-6A136EAAB15C}.Ad-Hoc|ARM.Build.0 = Release|ARM
		{F0E1A610-1DBD-47EA-AA71-6A136EAAB15C}.Ad-Hoc|ARM.Deploy.0 = Release|ARM
		{F0E1A610-1DBD-47EA-AA71-6A136EAAB15C}.Ad-Hoc|iPhone.ActiveCfg = Release|x86
		{F0E1A610-1DBD-47EA-AA71-6A136EAAB15C}.Ad-Hoc|iPhone.Build.0 = Release|x86
		{F0E1A610-1DBD-47EA-AA71-6A136EAAB15C}.Ad-Hoc|iPhone.Deploy.0 = Release|x86
		{F0E1A610-1DBD-47EA-AA71-6A136EAAB15C}.Ad-Hoc|iPhoneSimulator.ActiveCfg = Release|x86
		{F0E1A610-1DBD-47EA-AA71-6A136EAAB15C}.Ad-Hoc|iPhoneSimulator.Build.0 = Release|x86
		{F0E1A610-1DBD-47EA-AA71-6A136EAAB15C}.Ad-Hoc|iPhoneSimulator.Deploy.0 = Release|x86
		{F0E1A610-1DBD-47EA-AA71-6A136EAAB15C}.Ad-Hoc|x64.ActiveCfg = Release|x64
		{F0E1A610-1DBD-47EA-AA71-6A136EAAB15C}.Ad-Hoc|x64.Build.0 = Release|x64
		{F0E1A610-1DBD-47EA-AA71-6A136EAAB15C}.Ad-Hoc|x64.Deploy.0 = Release|x64
		{F0E1A610-1DBD-47EA-AA71-6A136EAAB15C}.Ad-Hoc|x86.ActiveCfg = Release|x86
		{F0E1A610-1DBD-47EA-AA71-6A136EAAB15C}.Ad-Hoc|x86.Build.0 = Release|x86
		{F0E1A610-1DBD-47EA-AA71-6A136EAAB15C}.Ad-Hoc|x86.Deploy.0 = Release|x86
		{F0E1A610-1DBD-47EA-AA71-6A136EAAB15C}.AppStore|Any CPU.ActiveCfg = Release|x86
		{F0E1A610-1DBD-47EA-AA71-6A136EAAB15C}.AppStore|Any CPU.Build.0 = Release|x86
		{F0E1A610-1DBD-47EA-AA71-6A136EAAB15C}.AppStore|Any CPU.Deploy.0 = Release|x86
		{F0E1A610-1DBD-47EA-AA71-6A136EAAB15C}.AppStore|ARM.ActiveCfg = Release|ARM
		{F0E1A610-1DBD-47EA-AA71-6A136EAAB15C}.AppStore|ARM.Build.0 = Release|ARM
		{F0E1A610-1DBD-47EA-AA71-6A136EAAB15C}.AppStore|ARM.Deploy.0 = Release|ARM
		{F0E1A610-1DBD-47EA-AA71-6A136EAAB15C}.AppStore|iPhone.ActiveCfg = Release|x86
		{F0E1A610-1DBD-47EA-AA71-6A136EAAB15C}.AppStore|iPhone.Build.0 = Release|x86
		{F0E1A610-1DBD-47EA-AA71-6A136EAAB15C}.AppStore|iPhone.Deploy.0 = Release|x86
		{F0E1A610-1DBD-47EA-AA71-6A136EAAB15C}.AppStore|iPhoneSimulator.ActiveCfg = Release|x86
		{F0E1A610-1DBD-47EA-AA71-6A136EAAB15C}.AppStore|iPhoneSimulator.Build.0 = Release|x86
		{F0E1A610-1DBD-47EA-AA71-6A136EAAB15C}.AppStore|iPhoneSimulator.Deploy.0 = Release|x86
		{F0E1A610-1DBD-47EA-AA71-6A136EAAB15C}.AppStore|x64.ActiveCfg = Release|x64
		{F0E1A610-1DBD-47EA-AA71-6A136EAAB15C}.AppStore|x64.Build.0 = Release|x64
		{F0E1A610-1DBD-47EA-AA71-6A136EAAB15C}.AppStore|x64.Deploy.0 = Release|x64
		{F0E1A610-1DBD-47EA-AA71-6A136EAAB15C}.AppStore|x86.ActiveCfg = Release|x86
		{F0E1A610-1DBD-47EA-AA71-6A136EAAB15C}.AppStore|x86.Build.0 = Release|x86
		{F0E1A610-1DBD-47EA-AA71-6A136EAAB15C}.AppStore|x86.Deploy.0 = Release|x86
		{F0E1A610-1DBD-47EA-AA71-6A136EAAB15C}.Debug|Any CPU.ActiveCfg = Debug|x86
		{F0E1A610-1DBD-47EA-AA71-6A136EAAB15C}.Debug|ARM.ActiveCfg = Debug|ARM
		{F0E1A610-1DBD-47EA-AA71-6A136EAAB15C}.Debug|ARM.Build.0 = Debug|ARM
		{F0E1A610-1DBD-47EA-AA71-6A136EAAB15C}.Debug|ARM.Deploy.0 = Debug|ARM
		{F0E1A610-1DBD-47EA-AA71-6A136EAAB15C}.Debug|iPhone.ActiveCfg = Debug|x86
		{F0E1A610-1DBD-47EA-AA71-6A136EAAB15C}.Debug|iPhoneSimulator.ActiveCfg = Debug|x86
		{F0E1A610-1DBD-47EA-AA71-6A136EAAB15C}.Debug|x64.ActiveCfg = Debug|x64
		{F0E1A610-1DBD-47EA-AA71-6A136EAAB15C}.Debug|x64.Build.0 = Debug|x64
		{F0E1A610-1DBD-47EA-AA71-6A136EAAB15C}.Debug|x64.Deploy.0 = Debug|x64
		{F0E1A610-1DBD-47EA-AA71-6A136EAAB15C}.Debug|x86.ActiveCfg = Debug|x86
		{F0E1A610-1DBD-47EA-AA71-6A136EAAB15C}.Debug|x86.Build.0 = Debug|x86
		{F0E1A610-1DBD-47EA-AA71-6A136EAAB15C}.Debug|x86.Deploy.0 = Debug|x86
		{F0E1A610-1DBD-47EA-AA71-6A136EAAB15C}.Release|Any CPU.ActiveCfg = Release|x86
		{F0E1A610-1DBD-47EA-AA71-6A136EAAB15C}.Release|ARM.ActiveCfg = Release|ARM
		{F0E1A610-1DBD-47EA-AA71-6A136EAAB15C}.Release|ARM.Build.0 = Release|ARM
		{F0E1A610-1DBD-47EA-AA71-6A136EAAB15C}.Release|ARM.Deploy.0 = Release|ARM
		{F0E1A610-1DBD-47EA-AA71-6A136EAAB15C}.Release|iPhone.ActiveCfg = Release|x86
		{F0E1A610-1DBD-47EA-AA71-6A136EAAB15C}.Release|iPhoneSimulator.ActiveCfg = Release|x86
		{F0E1A610-1DBD-47EA-AA71-6A136EAAB15C}.Release|x64.ActiveCfg = Release|x64
		{F0E1A610-1DBD-47EA-AA71-6A136EAAB15C}.Release|x64.Build.0 = Release|x64
		{F0E1A610-1DBD-47EA-AA71-6A136EAAB15C}.Release|x64.Deploy.0 = Release|x64
		{F0E1A610-1DBD-47EA-AA71-6A136EAAB15C}.Release|x86.ActiveCfg = Release|x86
		{F0E1A610-1DBD-47EA-AA71-6A136EAAB15C}.Release|x86.Build.0 = Release|x86
		{F0E1A610-1DBD-47EA-AA71-6A136EAAB15C}.Release|x86.Deploy.0 = Release|x86
	EndGlobalSection
	GlobalSection(SolutionProperties) = preSolution
		HideSolutionNode = FALSE
	EndGlobalSection
EndGlobal
